// !$*UTF8*$!
{
	archiveVersion = 1;
	classes = {
	};
	objectVersion = 46;
	objects = {

/* Begin PBXBuildFile section */
		8111F2211DA9869E00F42274 /* GoogleService-Info.plist in Resources */ = {isa = PBXBuildFile; fileRef = 8111F2201DA9869E00F42274 /* GoogleService-Info.plist */; };
		8111F2231DAC366300F42274 /* DriverViewController.swift in Sources */ = {isa = PBXBuildFile; fileRef = 8111F2221DAC366300F42274 /* DriverViewController.swift */; };
		8111F2251DAC46CF00F42274 /* MapKit.framework in Frameworks */ = {isa = PBXBuildFile; fileRef = 8111F2241DAC46CF00F42274 /* MapKit.framework */; };
		81C51D691DA94206000DF8AD /* AppDelegate.swift in Sources */ = {isa = PBXBuildFile; fileRef = 81C51D681DA94206000DF8AD /* AppDelegate.swift */; };
		81C51D6B1DA94206000DF8AD /* LoginViewController.swift in Sources */ = {isa = PBXBuildFile; fileRef = 81C51D6A1DA94206000DF8AD /* LoginViewController.swift */; };
		81C51D6E1DA94207000DF8AD /* Main.storyboard in Resources */ = {isa = PBXBuildFile; fileRef = 81C51D6C1DA94207000DF8AD /* Main.storyboard */; };
		81C51D701DA94207000DF8AD /* Assets.xcassets in Resources */ = {isa = PBXBuildFile; fileRef = 81C51D6F1DA94207000DF8AD /* Assets.xcassets */; };
		81C51D731DA94207000DF8AD /* LaunchScreen.storyboard in Resources */ = {isa = PBXBuildFile; fileRef = 81C51D711DA94207000DF8AD /* LaunchScreen.storyboard */; };
		81C51D7E1DA94207000DF8AD /* WaitUp_Tests.swift in Sources */ = {isa = PBXBuildFile; fileRef = 81C51D7D1DA94207000DF8AD /* WaitUp_Tests.swift */; };
		81C51D891DA94207000DF8AD /* WaitUp_UITests.swift in Sources */ = {isa = PBXBuildFile; fileRef = 81C51D881DA94207000DF8AD /* WaitUp_UITests.swift */; };
		81C51D991DA949C2000DF8AD /* MapViewController.swift in Sources */ = {isa = PBXBuildFile; fileRef = 81C51D981DA949C2000DF8AD /* MapViewController.swift */; };
		81C51D9B1DA949DE000DF8AD /* PickBusViewController.swift in Sources */ = {isa = PBXBuildFile; fileRef = 81C51D9A1DA949DE000DF8AD /* PickBusViewController.swift */; };
		81C51D9D1DA95A03000DF8AD /* PickSchoolViewController.swift in Sources */ = {isa = PBXBuildFile; fileRef = 81C51D9C1DA95A03000DF8AD /* PickSchoolViewController.swift */; };
		E43E531C2CCA5ABB67246F74 /* libPods-WaitUp!.a in Frameworks */ = {isa = PBXBuildFile; fileRef = 488533EE060F19B9530FCDFF /* libPods-WaitUp!.a */; };
/* End PBXBuildFile section */

/* Begin PBXContainerItemProxy section */
		81C51D7A1DA94207000DF8AD /* PBXContainerItemProxy */ = {
			isa = PBXContainerItemProxy;
			containerPortal = 81C51D5D1DA94206000DF8AD /* Project object */;
			proxyType = 1;
			remoteGlobalIDString = 81C51D641DA94206000DF8AD;
			remoteInfo = "WaitUp!";
		};
		81C51D851DA94207000DF8AD /* PBXContainerItemProxy */ = {
			isa = PBXContainerItemProxy;
			containerPortal = 81C51D5D1DA94206000DF8AD /* Project object */;
			proxyType = 1;
			remoteGlobalIDString = 81C51D641DA94206000DF8AD;
			remoteInfo = "WaitUp!";
		};
/* End PBXContainerItemProxy section */

/* Begin PBXFileReference section */
		488533EE060F19B9530FCDFF /* libPods-WaitUp!.a */ = {isa = PBXFileReference; explicitFileType = archive.ar; includeInIndex = 0; path = "libPods-WaitUp!.a"; sourceTree = BUILT_PRODUCTS_DIR; };
		4898676A049F440E4EA930CA /* Pods_WaitUp_Tests.framework */ = {isa = PBXFileReference; explicitFileType = wrapper.framework; includeInIndex = 0; path = Pods_WaitUp_Tests.framework; sourceTree = BUILT_PRODUCTS_DIR; };
		8111F2201DA9869E00F42274 /* GoogleService-Info.plist */ = {isa = PBXFileReference; fileEncoding = 4; lastKnownFileType = text.plist.xml; path = "GoogleService-Info.plist"; sourceTree = "<group>"; };
		8111F2221DAC366300F42274 /* DriverViewController.swift */ = {isa = PBXFileReference; fileEncoding = 4; lastKnownFileType = sourcecode.swift; path = DriverViewController.swift; sourceTree = "<group>"; };
		8111F2241DAC46CF00F42274 /* MapKit.framework */ = {isa = PBXFileReference; lastKnownFileType = wrapper.framework; name = MapKit.framework; path = System/Library/Frameworks/MapKit.framework; sourceTree = SDKROOT; };
		81C51D651DA94206000DF8AD /* WaitUp!.app */ = {isa = PBXFileReference; explicitFileType = wrapper.application; includeInIndex = 0; path = "WaitUp!.app"; sourceTree = BUILT_PRODUCTS_DIR; };
		81C51D681DA94206000DF8AD /* AppDelegate.swift */ = {isa = PBXFileReference; lastKnownFileType = sourcecode.swift; path = AppDelegate.swift; sourceTree = "<group>"; };
		81C51D6A1DA94206000DF8AD /* LoginViewController.swift */ = {isa = PBXFileReference; lastKnownFileType = sourcecode.swift; path = LoginViewController.swift; sourceTree = "<group>"; };
		81C51D6D1DA94207000DF8AD /* Base */ = {isa = PBXFileReference; lastKnownFileType = file.storyboard; name = Base; path = Base.lproj/Main.storyboard; sourceTree = "<group>"; };
		81C51D6F1DA94207000DF8AD /* Assets.xcassets */ = {isa = PBXFileReference; lastKnownFileType = folder.assetcatalog; path = Assets.xcassets; sourceTree = "<group>"; };
		81C51D721DA94207000DF8AD /* Base */ = {isa = PBXFileReference; lastKnownFileType = file.storyboard; name = Base; path = Base.lproj/LaunchScreen.storyboard; sourceTree = "<group>"; };
		81C51D741DA94207000DF8AD /* Info.plist */ = {isa = PBXFileReference; lastKnownFileType = text.plist.xml; path = Info.plist; sourceTree = "<group>"; };
		81C51D791DA94207000DF8AD /* WaitUp!Tests.xctest */ = {isa = PBXFileReference; explicitFileType = wrapper.cfbundle; includeInIndex = 0; path = "WaitUp!Tests.xctest"; sourceTree = BUILT_PRODUCTS_DIR; };
		81C51D7D1DA94207000DF8AD /* WaitUp_Tests.swift */ = {isa = PBXFileReference; lastKnownFileType = sourcecode.swift; path = WaitUp_Tests.swift; sourceTree = "<group>"; };
		81C51D7F1DA94207000DF8AD /* Info.plist */ = {isa = PBXFileReference; lastKnownFileType = text.plist.xml; path = Info.plist; sourceTree = "<group>"; };
		81C51D841DA94207000DF8AD /* WaitUp!UITests.xctest */ = {isa = PBXFileReference; explicitFileType = wrapper.cfbundle; includeInIndex = 0; path = "WaitUp!UITests.xctest"; sourceTree = BUILT_PRODUCTS_DIR; };
		81C51D881DA94207000DF8AD /* WaitUp_UITests.swift */ = {isa = PBXFileReference; lastKnownFileType = sourcecode.swift; path = WaitUp_UITests.swift; sourceTree = "<group>"; };
		81C51D8A1DA94207000DF8AD /* Info.plist */ = {isa = PBXFileReference; lastKnownFileType = text.plist.xml; path = Info.plist; sourceTree = "<group>"; };
		81C51D981DA949C2000DF8AD /* MapViewController.swift */ = {isa = PBXFileReference; fileEncoding = 4; lastKnownFileType = sourcecode.swift; path = MapViewController.swift; sourceTree = "<group>"; };
		81C51D9A1DA949DE000DF8AD /* PickBusViewController.swift */ = {isa = PBXFileReference; fileEncoding = 4; lastKnownFileType = sourcecode.swift; path = PickBusViewController.swift; sourceTree = "<group>"; };
		81C51D9C1DA95A03000DF8AD /* PickSchoolViewController.swift */ = {isa = PBXFileReference; fileEncoding = 4; lastKnownFileType = sourcecode.swift; path = PickSchoolViewController.swift; sourceTree = "<group>"; };
		A8016A40503E302A7884B447 /* Pods-WaitUp!.debug.xcconfig */ = {isa = PBXFileReference; includeInIndex = 1; lastKnownFileType = text.xcconfig; name = "Pods-WaitUp!.debug.xcconfig"; path = "Pods/Target Support Files/Pods-WaitUp!/Pods-WaitUp!.debug.xcconfig"; sourceTree = "<group>"; };
		CF0EC4B85F4853C7074D86A0 /* Pods-WaitUp!.release.xcconfig */ = {isa = PBXFileReference; includeInIndex = 1; lastKnownFileType = text.xcconfig; name = "Pods-WaitUp!.release.xcconfig"; path = "Pods/Target Support Files/Pods-WaitUp!/Pods-WaitUp!.release.xcconfig"; sourceTree = "<group>"; };
		D07C3E2DA009D1A79C6D1FDF /* Pods_WaitUp_UITests.framework */ = {isa = PBXFileReference; explicitFileType = wrapper.framework; includeInIndex = 0; path = Pods_WaitUp_UITests.framework; sourceTree = BUILT_PRODUCTS_DIR; };
/* End PBXFileReference section */

/* Begin PBXFrameworksBuildPhase section */
		81C51D621DA94206000DF8AD /* Frameworks */ = {
			isa = PBXFrameworksBuildPhase;
			buildActionMask = 2147483647;
			files = (
				8111F2251DAC46CF00F42274 /* MapKit.framework in Frameworks */,
				E43E531C2CCA5ABB67246F74 /* libPods-WaitUp!.a in Frameworks */,
			);
			runOnlyForDeploymentPostprocessing = 0;
		};
		81C51D761DA94207000DF8AD /* Frameworks */ = {
			isa = PBXFrameworksBuildPhase;
			buildActionMask = 2147483647;
			files = (
			);
			runOnlyForDeploymentPostprocessing = 0;
		};
		81C51D811DA94207000DF8AD /* Frameworks */ = {
			isa = PBXFrameworksBuildPhase;
			buildActionMask = 2147483647;
			files = (
			);
			runOnlyForDeploymentPostprocessing = 0;
		};
/* End PBXFrameworksBuildPhase section */

/* Begin PBXGroup section */
		0FAC5425543E0090584E406E /* Frameworks */ = {
			isa = PBXGroup;
			children = (
				8111F2241DAC46CF00F42274 /* MapKit.framework */,
				4898676A049F440E4EA930CA /* Pods_WaitUp_Tests.framework */,
				D07C3E2DA009D1A79C6D1FDF /* Pods_WaitUp_UITests.framework */,
				488533EE060F19B9530FCDFF /* libPods-WaitUp!.a */,
			);
			name = Frameworks;
			sourceTree = "<group>";
		};
		38DB846741D37957CBCE2CE6 /* Pods */ = {
			isa = PBXGroup;
			children = (
				A8016A40503E302A7884B447 /* Pods-WaitUp!.debug.xcconfig */,
				CF0EC4B85F4853C7074D86A0 /* Pods-WaitUp!.release.xcconfig */,
			);
			name = Pods;
			sourceTree = "<group>";
		};
		81C51D5C1DA94206000DF8AD = {
			isa = PBXGroup;
			children = (
				81C51D671DA94206000DF8AD /* WaitUp! */,
				81C51D7C1DA94207000DF8AD /* WaitUp!Tests */,
				81C51D871DA94207000DF8AD /* WaitUp!UITests */,
				81C51D661DA94206000DF8AD /* Products */,
				38DB846741D37957CBCE2CE6 /* Pods */,
				0FAC5425543E0090584E406E /* Frameworks */,
			);
			sourceTree = "<group>";
		};
		81C51D661DA94206000DF8AD /* Products */ = {
			isa = PBXGroup;
			children = (
				81C51D651DA94206000DF8AD /* WaitUp!.app */,
				81C51D791DA94207000DF8AD /* WaitUp!Tests.xctest */,
				81C51D841DA94207000DF8AD /* WaitUp!UITests.xctest */,
			);
			name = Products;
			sourceTree = "<group>";
		};
		81C51D671DA94206000DF8AD /* WaitUp! */ = {
			isa = PBXGroup;
			children = (
				8111F2201DA9869E00F42274 /* GoogleService-Info.plist */,
				81C51D681DA94206000DF8AD /* AppDelegate.swift */,
				81C51D6A1DA94206000DF8AD /* LoginViewController.swift */,
				81C51D981DA949C2000DF8AD /* MapViewController.swift */,
				8111F2221DAC366300F42274 /* DriverViewController.swift */,
				81C51D9A1DA949DE000DF8AD /* PickBusViewController.swift */,
				81C51D9C1DA95A03000DF8AD /* PickSchoolViewController.swift */,
				81C51D6C1DA94207000DF8AD /* Main.storyboard */,
				81C51D6F1DA94207000DF8AD /* Assets.xcassets */,
				81C51D711DA94207000DF8AD /* LaunchScreen.storyboard */,
				81C51D741DA94207000DF8AD /* Info.plist */,
			);
			path = "WaitUp!";
			sourceTree = "<group>";
		};
		81C51D7C1DA94207000DF8AD /* WaitUp!Tests */ = {
			isa = PBXGroup;
			children = (
				81C51D7D1DA94207000DF8AD /* WaitUp_Tests.swift */,
				81C51D7F1DA94207000DF8AD /* Info.plist */,
			);
			path = "WaitUp!Tests";
			sourceTree = "<group>";
		};
		81C51D871DA94207000DF8AD /* WaitUp!UITests */ = {
			isa = PBXGroup;
			children = (
				81C51D881DA94207000DF8AD /* WaitUp_UITests.swift */,
				81C51D8A1DA94207000DF8AD /* Info.plist */,
			);
			path = "WaitUp!UITests";
			sourceTree = "<group>";
		};
/* End PBXGroup section */

/* Begin PBXNativeTarget section */
		81C51D641DA94206000DF8AD /* WaitUp! */ = {
			isa = PBXNativeTarget;
			buildConfigurationList = 81C51D8D1DA94207000DF8AD /* Build configuration list for PBXNativeTarget "WaitUp!" */;
			buildPhases = (
				9D542EDF1B4E4BF7F368268F /* [CP] Check Pods Manifest.lock */,
				81C51D611DA94206000DF8AD /* Sources */,
				81C51D621DA94206000DF8AD /* Frameworks */,
				81C51D631DA94206000DF8AD /* Resources */,
				44385659321E3B308CBC4044 /* [CP] Embed Pods Frameworks */,
				0ADF81CD9E14F9B9FE8EEC53 /* [CP] Copy Pods Resources */,
			);
			buildRules = (
			);
			dependencies = (
			);
			name = "WaitUp!";
			productName = "WaitUp!";
			productReference = 81C51D651DA94206000DF8AD /* WaitUp!.app */;
			productType = "com.apple.product-type.application";
		};
		81C51D781DA94207000DF8AD /* WaitUp!Tests */ = {
			isa = PBXNativeTarget;
			buildConfigurationList = 81C51D901DA94207000DF8AD /* Build configuration list for PBXNativeTarget "WaitUp!Tests" */;
			buildPhases = (
				81C51D751DA94207000DF8AD /* Sources */,
				81C51D761DA94207000DF8AD /* Frameworks */,
				81C51D771DA94207000DF8AD /* Resources */,
			);
			buildRules = (
			);
			dependencies = (
				81C51D7B1DA94207000DF8AD /* PBXTargetDependency */,
			);
			name = "WaitUp!Tests";
			productName = "WaitUp!Tests";
			productReference = 81C51D791DA94207000DF8AD /* WaitUp!Tests.xctest */;
			productType = "com.apple.product-type.bundle.unit-test";
		};
		81C51D831DA94207000DF8AD /* WaitUp!UITests */ = {
			isa = PBXNativeTarget;
			buildConfigurationList = 81C51D931DA94207000DF8AD /* Build configuration list for PBXNativeTarget "WaitUp!UITests" */;
			buildPhases = (
				81C51D801DA94207000DF8AD /* Sources */,
				81C51D811DA94207000DF8AD /* Frameworks */,
				81C51D821DA94207000DF8AD /* Resources */,
			);
			buildRules = (
			);
			dependencies = (
				81C51D861DA94207000DF8AD /* PBXTargetDependency */,
			);
			name = "WaitUp!UITests";
			productName = "WaitUp!UITests";
			productReference = 81C51D841DA94207000DF8AD /* WaitUp!UITests.xctest */;
			productType = "com.apple.product-type.bundle.ui-testing";
		};
/* End PBXNativeTarget section */

/* Begin PBXProject section */
		81C51D5D1DA94206000DF8AD /* Project object */ = {
			isa = PBXProject;
			attributes = {
				LastSwiftUpdateCheck = 0800;
				LastUpgradeCheck = 0800;
				ORGANIZATIONNAME = liZUOrd;
				TargetAttributes = {
					81C51D641DA94206000DF8AD = {
						CreatedOnToolsVersion = 8.0;
						DevelopmentTeam = G9Z457RH7X;
						ProvisioningStyle = Automatic;
						SystemCapabilities = {
							com.apple.BackgroundModes = {
								enabled = 1;
							};
							com.apple.Maps.iOS = {
								enabled = 1;
							};
						};
					};
					81C51D781DA94207000DF8AD = {
						CreatedOnToolsVersion = 8.0;
						ProvisioningStyle = Automatic;
						TestTargetID = 81C51D641DA94206000DF8AD;
					};
					81C51D831DA94207000DF8AD = {
						CreatedOnToolsVersion = 8.0;
						ProvisioningStyle = Automatic;
						TestTargetID = 81C51D641DA94206000DF8AD;
					};
				};
			};
			buildConfigurationList = 81C51D601DA94206000DF8AD /* Build configuration list for PBXProject "WaitUp!" */;
			compatibilityVersion = "Xcode 3.2";
			developmentRegion = English;
			hasScannedForEncodings = 0;
			knownRegions = (
				en,
				Base,
			);
			mainGroup = 81C51D5C1DA94206000DF8AD;
			productRefGroup = 81C51D661DA94206000DF8AD /* Products */;
			projectDirPath = "";
			projectRoot = "";
			targets = (
				81C51D641DA94206000DF8AD /* WaitUp! */,
				81C51D781DA94207000DF8AD /* WaitUp!Tests */,
				81C51D831DA94207000DF8AD /* WaitUp!UITests */,
			);
		};
/* End PBXProject section */

/* Begin PBXResourcesBuildPhase section */
		81C51D631DA94206000DF8AD /* Resources */ = {
			isa = PBXResourcesBuildPhase;
			buildActionMask = 2147483647;
			files = (
				81C51D731DA94207000DF8AD /* LaunchScreen.storyboard in Resources */,
				8111F2211DA9869E00F42274 /* GoogleService-Info.plist in Resources */,
				81C51D701DA94207000DF8AD /* Assets.xcassets in Resources */,
				81C51D6E1DA94207000DF8AD /* Main.storyboard in Resources */,
			);
			runOnlyForDeploymentPostprocessing = 0;
		};
		81C51D771DA94207000DF8AD /* Resources */ = {
			isa = PBXResourcesBuildPhase;
			buildActionMask = 2147483647;
			files = (
			);
			runOnlyForDeploymentPostprocessing = 0;
		};
		81C51D821DA94207000DF8AD /* Resources */ = {
			isa = PBXResourcesBuildPhase;
			buildActionMask = 2147483647;
			files = (
			);
			runOnlyForDeploymentPostprocessing = 0;
		};
/* End PBXResourcesBuildPhase section */

/* Begin PBXShellScriptBuildPhase section */
		0ADF81CD9E14F9B9FE8EEC53 /* [CP] Copy Pods Resources */ = {
			isa = PBXShellScriptBuildPhase;
			buildActionMask = 2147483647;
			files = (
			);
			inputPaths = (
			);
			name = "[CP] Copy Pods Resources";
			outputPaths = (
			);
			runOnlyForDeploymentPostprocessing = 0;
			shellPath = /bin/sh;
			shellScript = "\"${SRCROOT}/Pods/Target Support Files/Pods-WaitUp!/Pods-WaitUp!-resources.sh\"\n";
			showEnvVarsInLog = 0;
		};
		44385659321E3B308CBC4044 /* [CP] Embed Pods Frameworks */ = {
			isa = PBXShellScriptBuildPhase;
			buildActionMask = 2147483647;
			files = (
			);
			inputPaths = (
			);
			name = "[CP] Embed Pods Frameworks";
			outputPaths = (
			);
			runOnlyForDeploymentPostprocessing = 0;
			shellPath = /bin/sh;
			shellScript = "\"${SRCROOT}/Pods/Target Support Files/Pods-WaitUp!/Pods-WaitUp!-frameworks.sh\"\n";
			showEnvVarsInLog = 0;
		};
		9D542EDF1B4E4BF7F368268F /* [CP] Check Pods Manifest.lock */ = {
			isa = PBXShellScriptBuildPhase;
			buildActionMask = 2147483647;
			files = (
			);
			inputPaths = (
			);
			name = "[CP] Check Pods Manifest.lock";
			outputPaths = (
			);
			runOnlyForDeploymentPostprocessing = 0;
			shellPath = /bin/sh;
			shellScript = "diff \"${PODS_ROOT}/../Podfile.lock\" \"${PODS_ROOT}/Manifest.lock\" > /dev/null\nif [ $? != 0 ] ; then\n    # print error to STDERR\n    echo \"error: The sandbox is not in sync with the Podfile.lock. Run 'pod install' or update your CocoaPods installation.\" >&2\n    exit 1\nfi\n";
			showEnvVarsInLog = 0;
		};
/* End PBXShellScriptBuildPhase section */

/* Begin PBXSourcesBuildPhase section */
		81C51D611DA94206000DF8AD /* Sources */ = {
			isa = PBXSourcesBuildPhase;
			buildActionMask = 2147483647;
			files = (
				8111F2231DAC366300F42274 /* DriverViewController.swift in Sources */,
				81C51D9B1DA949DE000DF8AD /* PickBusViewController.swift in Sources */,
				81C51D6B1DA94206000DF8AD /* LoginViewController.swift in Sources */,
				81C51D691DA94206000DF8AD /* AppDelegate.swift in Sources */,
				81C51D991DA949C2000DF8AD /* MapViewController.swift in Sources */,
				81C51D9D1DA95A03000DF8AD /* PickSchoolViewController.swift in Sources */,
			);
			runOnlyForDeploymentPostprocessing = 0;
		};
		81C51D751DA94207000DF8AD /* Sources */ = {
			isa = PBXSourcesBuildPhase;
			buildActionMask = 2147483647;
			files = (
				81C51D7E1DA94207000DF8AD /* WaitUp_Tests.swift in Sources */,
			);
			runOnlyForDeploymentPostprocessing = 0;
		};
		81C51D801DA94207000DF8AD /* Sources */ = {
			isa = PBXSourcesBuildPhase;
			buildActionMask = 2147483647;
			files = (
				81C51D891DA94207000DF8AD /* WaitUp_UITests.swift in Sources */,
			);
			runOnlyForDeploymentPostprocessing = 0;
		};
/* End PBXSourcesBuildPhase section */

/* Begin PBXTargetDependency section */
		81C51D7B1DA94207000DF8AD /* PBXTargetDependency */ = {
			isa = PBXTargetDependency;
			target = 81C51D641DA94206000DF8AD /* WaitUp! */;
			targetProxy = 81C51D7A1DA94207000DF8AD /* PBXContainerItemProxy */;
		};
		81C51D861DA94207000DF8AD /* PBXTargetDependency */ = {
			isa = PBXTargetDependency;
			target = 81C51D641DA94206000DF8AD /* WaitUp! */;
			targetProxy = 81C51D851DA94207000DF8AD /* PBXContainerItemProxy */;
		};
/* End PBXTargetDependency section */

/* Begin PBXVariantGroup section */
		81C51D6C1DA94207000DF8AD /* Main.storyboard */ = {
			isa = PBXVariantGroup;
			children = (
				81C51D6D1DA94207000DF8AD /* Base */,
			);
			name = Main.storyboard;
			sourceTree = "<group>";
		};
		81C51D711DA94207000DF8AD /* LaunchScreen.storyboard */ = {
			isa = PBXVariantGroup;
			children = (
				81C51D721DA94207000DF8AD /* Base */,
			);
			name = LaunchScreen.storyboard;
			sourceTree = "<group>";
		};
/* End PBXVariantGroup section */

/* Begin XCBuildConfiguration section */
		81C51D8B1DA94207000DF8AD /* Debug */ = {
			isa = XCBuildConfiguration;
			buildSettings = {
				ALWAYS_SEARCH_USER_PATHS = NO;
				CLANG_ANALYZER_NONNULL = YES;
				CLANG_CXX_LANGUAGE_STANDARD = "gnu++0x";
				CLANG_CXX_LIBRARY = "libc++";
				CLANG_ENABLE_MODULES = YES;
				CLANG_ENABLE_OBJC_ARC = YES;
				CLANG_WARN_BOOL_CONVERSION = YES;
				CLANG_WARN_CONSTANT_CONVERSION = YES;
				CLANG_WARN_DIRECT_OBJC_ISA_USAGE = YES_ERROR;
				CLANG_WARN_DOCUMENTATION_COMMENTS = YES;
				CLANG_WARN_EMPTY_BODY = YES;
				CLANG_WARN_ENUM_CONVERSION = YES;
				CLANG_WARN_INFINITE_RECURSION = YES;
				CLANG_WARN_INT_CONVERSION = YES;
				CLANG_WARN_OBJC_ROOT_CLASS = YES_ERROR;
				CLANG_WARN_SUSPICIOUS_MOVES = YES;
				CLANG_WARN_UNREACHABLE_CODE = YES;
				CLANG_WARN__DUPLICATE_METHOD_MATCH = YES;
				"CODE_SIGN_IDENTITY[sdk=iphoneos*]" = "iPhone Developer";
				COPY_PHASE_STRIP = NO;
				DEBUG_INFORMATION_FORMAT = dwarf;
				ENABLE_STRICT_OBJC_MSGSEND = YES;
				ENABLE_TESTABILITY = YES;
				GCC_C_LANGUAGE_STANDARD = gnu99;
				GCC_DYNAMIC_NO_PIC = NO;
				GCC_NO_COMMON_BLOCKS = YES;
				GCC_OPTIMIZATION_LEVEL = 0;
				GCC_PREPROCESSOR_DEFINITIONS = (
					"DEBUG=1",
					"$(inherited)",
				);
				GCC_WARN_64_TO_32_BIT_CONVERSION = YES;
				GCC_WARN_ABOUT_RETURN_TYPE = YES_ERROR;
				GCC_WARN_UNDECLARED_SELECTOR = YES;
				GCC_WARN_UNINITIALIZED_AUTOS = YES_AGGRESSIVE;
				GCC_WARN_UNUSED_FUNCTION = YES;
				GCC_WARN_UNUSED_VARIABLE = YES;
				IPHONEOS_DEPLOYMENT_TARGET = 10.0;
				MTL_ENABLE_DEBUG_INFO = YES;
				ONLY_ACTIVE_ARCH = YES;
				SDKROOT = iphoneos;
				SWIFT_ACTIVE_COMPILATION_CONDITIONS = DEBUG;
				SWIFT_OPTIMIZATION_LEVEL = "-Onone";
				TARGETED_DEVICE_FAMILY = "1,2";
			};
			name = Debug;
		};
		81C51D8C1DA94207000DF8AD /* Release */ = {
			isa = XCBuildConfiguration;
			buildSettings = {
				ALWAYS_SEARCH_USER_PATHS = NO;
				CLANG_ANALYZER_NONNULL = YES;
				CLANG_CXX_LANGUAGE_STANDARD = "gnu++0x";
				CLANG_CXX_LIBRARY = "libc++";
				CLANG_ENABLE_MODULES = YES;
				CLANG_ENABLE_OBJC_ARC = YES;
				CLANG_WARN_BOOL_CONVERSION = YES;
				CLANG_WARN_CONSTANT_CONVERSION = YES;
				CLANG_WARN_DIRECT_OBJC_ISA_USAGE = YES_ERROR;
				CLANG_WARN_DOCUMENTATION_COMMENTS = YES;
				CLANG_WARN_EMPTY_BODY = YES;
				CLANG_WARN_ENUM_CONVERSION = YES;
				CLANG_WARN_INFINITE_RECURSION = YES;
				CLANG_WARN_INT_CONVERSION = YES;
				CLANG_WARN_OBJC_ROOT_CLASS = YES_ERROR;
				CLANG_WARN_SUSPICIOUS_MOVES = YES;
				CLANG_WARN_UNREACHABLE_CODE = YES;
				CLANG_WARN__DUPLICATE_METHOD_MATCH = YES;
				"CODE_SIGN_IDENTITY[sdk=iphoneos*]" = "iPhone Developer";
				COPY_PHASE_STRIP = NO;
				DEBUG_INFORMATION_FORMAT = "dwarf-with-dsym";
				ENABLE_NS_ASSERTIONS = NO;
				ENABLE_STRICT_OBJC_MSGSEND = YES;
				GCC_C_LANGUAGE_STANDARD = gnu99;
				GCC_NO_COMMON_BLOCKS = YES;
				GCC_WARN_64_TO_32_BIT_CONVERSION = YES;
				GCC_WARN_ABOUT_RETURN_TYPE = YES_ERROR;
				GCC_WARN_UNDECLARED_SELECTOR = YES;
				GCC_WARN_UNINITIALIZED_AUTOS = YES_AGGRESSIVE;
				GCC_WARN_UNUSED_FUNCTION = YES;
				GCC_WARN_UNUSED_VARIABLE = YES;
				IPHONEOS_DEPLOYMENT_TARGET = 10.0;
				MTL_ENABLE_DEBUG_INFO = NO;
				SDKROOT = iphoneos;
				SWIFT_OPTIMIZATION_LEVEL = "-Owholemodule";
				TARGETED_DEVICE_FAMILY = "1,2";
				VALIDATE_PRODUCT = YES;
			};
			name = Release;
		};
		81C51D8E1DA94207000DF8AD /* Debug */ = {
			isa = XCBuildConfiguration;
			baseConfigurationReference = A8016A40503E302A7884B447 /* Pods-WaitUp!.debug.xcconfig */;
			buildSettings = {
				ASSETCATALOG_COMPILER_APPICON_NAME = AppIcon;
				DEVELOPMENT_TEAM = G9Z457RH7X;
				INFOPLIST_FILE = "WaitUp!/Info.plist";
				IPHONEOS_DEPLOYMENT_TARGET = 9.3;
				LD_RUNPATH_SEARCH_PATHS = "$(inherited) @executable_path/Frameworks";
				PRODUCT_BUNDLE_IDENTIFIER = "com.liZUOrd.WaitUp-";
				PRODUCT_NAME = "$(TARGET_NAME)";
				SWIFT_VERSION = 3.0;
			};
			name = Debug;
		};
		81C51D8F1DA94207000DF8AD /* Release */ = {
			isa = XCBuildConfiguration;
			baseConfigurationReference = CF0EC4B85F4853C7074D86A0 /* Pods-WaitUp!.release.xcconfig */;
			buildSettings = {
				ASSETCATALOG_COMPILER_APPICON_NAME = AppIcon;
				DEVELOPMENT_TEAM = G9Z457RH7X;
				INFOPLIST_FILE = "WaitUp!/Info.plist";
				IPHONEOS_DEPLOYMENT_TARGET = 9.3;
				LD_RUNPATH_SEARCH_PATHS = "$(inherited) @executable_path/Frameworks";
				PRODUCT_BUNDLE_IDENTIFIER = "com.liZUOrd.WaitUp-";
				PRODUCT_NAME = "$(TARGET_NAME)";
				SWIFT_VERSION = 3.0;
			};
			name = Release;
		};
		81C51D911DA94207000DF8AD /* Debug */ = {
			isa = XCBuildConfiguration;
			buildSettings = {
				ALWAYS_EMBED_SWIFT_STANDARD_LIBRARIES = YES;
				BUNDLE_LOADER = "$(TEST_HOST)";
				INFOPLIST_FILE = "WaitUp!Tests/Info.plist";
				LD_RUNPATH_SEARCH_PATHS = "$(inherited) @executable_path/Frameworks @loader_path/Frameworks";
				PRODUCT_BUNDLE_IDENTIFIER = "com.liZUOrd.WaitUp-Tests";
				PRODUCT_NAME = "$(TARGET_NAME)";
				SWIFT_VERSION = 3.0;
				TEST_HOST = "$(BUILT_PRODUCTS_DIR)/WaitUp!.app/WaitUp!";
			};
			name = Debug;
		};
		81C51D921DA94207000DF8AD /* Release */ = {
			isa = XCBuildConfiguration;
			buildSettings = {
				ALWAYS_EMBED_SWIFT_STANDARD_LIBRARIES = YES;
				BUNDLE_LOADER = "$(TEST_HOST)";
				INFOPLIST_FILE = "WaitUp!Tests/Info.plist";
				LD_RUNPATH_SEARCH_PATHS = "$(inherited) @executable_path/Frameworks @loader_path/Frameworks";
				PRODUCT_BUNDLE_IDENTIFIER = "com.liZUOrd.WaitUp-Tests";
				PRODUCT_NAME = "$(TARGET_NAME)";
				SWIFT_VERSION = 3.0;
				TEST_HOST = "$(BUILT_PRODUCTS_DIR)/WaitUp!.app/WaitUp!";
			};
			name = Release;
		};
		81C51D941DA94207000DF8AD /* Debug */ = {
			isa = XCBuildConfiguration;
			buildSettings = {
				ALWAYS_EMBED_SWIFT_STANDARD_LIBRARIES = YES;
				INFOPLIST_FILE = "WaitUp!UITests/Info.plist";
				LD_RUNPATH_SEARCH_PATHS = "$(inherited) @executable_path/Frameworks @loader_path/Frameworks";
				PRODUCT_BUNDLE_IDENTIFIER = "com.liZUOrd.WaitUp-UITests";
				PRODUCT_NAME = "$(TARGET_NAME)";
				SWIFT_VERSION = 3.0;
				TEST_TARGET_NAME = "WaitUp!";
			};
			name = Debug;
		};
		81C51D951DA94207000DF8AD /* Release */ = {
			isa = XCBuildConfiguration;
			buildSettings = {
				ALWAYS_EMBED_SWIFT_STANDARD_LIBRARIES = YES;
				INFOPLIST_FILE = "WaitUp!UITests/Info.plist";
				LD_RUNPATH_SEARCH_PATHS = "$(inherited) @executable_path/Frameworks @loader_path/Frameworks";
				PRODUCT_BUNDLE_IDENTIFIER = "com.liZUOrd.WaitUp-UITests";
				PRODUCT_NAME = "$(TARGET_NAME)";
				SWIFT_VERSION = 3.0;
				TEST_TARGET_NAME = "WaitUp!";
			};
			name = Release;
		};
/* End XCBuildConfiguration section */

/* Begin XCConfigurationList section */
		81C51D601DA94206000DF8AD /* Build configuration list for PBXProject "WaitUp!" */ = {
			isa = XCConfigurationList;
			buildConfigurations = (
				81C51D8B1DA94207000DF8AD /* Debug */,
				81C51D8C1DA94207000DF8AD /* Release */,
			);
			defaultConfigurationIsVisible = 0;
			defaultConfigurationName = Release;
		};
		81C51D8D1DA94207000DF8AD /* Build configuration list for PBXNativeTarget "WaitUp!" */ = {
			isa = XCConfigurationList;
			buildConfigurations = (
				81C51D8E1DA94207000DF8AD /* Debug */,
				81C51D8F1DA94207000DF8AD /* Release */,
			);
			defaultConfigurationIsVisible = 0;
			defaultConfigurationName = Release;
		};
		81C51D901DA94207000DF8AD /* Build configuration list for PBXNativeTarget "WaitUp!Tests" */ = {
			isa = XCConfigurationList;
			buildConfigurations = (
				81C51D911DA94207000DF8AD /* Debug */,
				81C51D921DA94207000DF8AD /* Release */,
			);
			defaultConfigurationIsVisible = 0;
			defaultConfigurationName = Release;
		};
		81C51D931DA94207000DF8AD /* Build configuration list for PBXNativeTarget "WaitUp!UITests" */ = {
			isa = XCConfigurationList;
			buildConfigurations = (
				81C51D941DA94207000DF8AD /* Debug */,
				81C51D951DA94207000DF8AD /* Release */,
			);
			defaultConfigurationIsVisible = 0;
			defaultConfigurationName = Release;
		};
/* End XCConfigurationList section */
	};
	rootObject = 81C51D5D1DA94206000DF8AD /* Project object */;
}
